// !$*UTF8*$!
{
	archiveVersion = 1;
	classes = {
	};
	objectVersion = 60;
	objects = {

/* Begin PBXBuildFile section */
		95494E552BDF673A0090F18E /* AppDelegate.swift in Sources */ = {isa = PBXBuildFile; fileRef = 95494E542BDF673A0090F18E /* AppDelegate.swift */; };
		95494E572BDF673A0090F18E /* SceneDelegate.swift in Sources */ = {isa = PBXBuildFile; fileRef = 95494E562BDF673A0090F18E /* SceneDelegate.swift */; };
		95494E5C2BDF673A0090F18E /* Main.storyboard in Resources */ = {isa = PBXBuildFile; fileRef = 95494E5A2BDF673A0090F18E /* Main.storyboard */; };
		95494E5E2BDF673C0090F18E /* Assets.xcassets in Resources */ = {isa = PBXBuildFile; fileRef = 95494E5D2BDF673C0090F18E /* Assets.xcassets */; };
		95494E612BDF673C0090F18E /* LaunchScreen.storyboard in Resources */ = {isa = PBXBuildFile; fileRef = 95494E5F2BDF673C0090F18E /* LaunchScreen.storyboard */; };
		95494E6A2BDF675C0090F18E /* AlertMaster in Frameworks */ = {isa = PBXBuildFile; productRef = 95494E692BDF675C0090F18E /* AlertMaster */; };
		958CDBAF2BFDE005000E7E46 /* PlaygroundViewController.swift in Sources */ = {isa = PBXBuildFile; fileRef = 958CDBAE2BFDE005000E7E46 /* PlaygroundViewController.swift */; };
		958CDBB12BFDE012000E7E46 /* PlaygroundViewControllerModel.swift in Sources */ = {isa = PBXBuildFile; fileRef = 958CDBB02BFDE012000E7E46 /* PlaygroundViewControllerModel.swift */; };
		958CDBB32BFDE057000E7E46 /* AlertParams.swift in Sources */ = {isa = PBXBuildFile; fileRef = 958CDBB22BFDE057000E7E46 /* AlertParams.swift */; };
/* End PBXBuildFile section */

/* Begin PBXFileReference section */
		95494E512BDF673A0090F18E /* AlertMasterExample.app */ = {isa = PBXFileReference; explicitFileType = wrapper.application; includeInIndex = 0; path = AlertMasterExample.app; sourceTree = BUILT_PRODUCTS_DIR; };
		95494E542BDF673A0090F18E /* AppDelegate.swift */ = {isa = PBXFileReference; lastKnownFileType = sourcecode.swift; path = AppDelegate.swift; sourceTree = "<group>"; };
		95494E562BDF673A0090F18E /* SceneDelegate.swift */ = {isa = PBXFileReference; lastKnownFileType = sourcecode.swift; path = SceneDelegate.swift; sourceTree = "<group>"; };
		95494E5B2BDF673A0090F18E /* Base */ = {isa = PBXFileReference; lastKnownFileType = file.storyboard; name = Base; path = Base.lproj/Main.storyboard; sourceTree = "<group>"; };
		95494E5D2BDF673C0090F18E /* Assets.xcassets */ = {isa = PBXFileReference; lastKnownFileType = folder.assetcatalog; path = Assets.xcassets; sourceTree = "<group>"; };
		95494E602BDF673C0090F18E /* Base */ = {isa = PBXFileReference; lastKnownFileType = file.storyboard; name = Base; path = Base.lproj/LaunchScreen.storyboard; sourceTree = "<group>"; };
		95494E622BDF673C0090F18E /* Info.plist */ = {isa = PBXFileReference; lastKnownFileType = text.plist.xml; path = Info.plist; sourceTree = "<group>"; };
		958CDBAE2BFDE005000E7E46 /* PlaygroundViewController.swift */ = {isa = PBXFileReference; lastKnownFileType = sourcecode.swift; path = PlaygroundViewController.swift; sourceTree = "<group>"; };
		958CDBB02BFDE012000E7E46 /* PlaygroundViewControllerModel.swift */ = {isa = PBXFileReference; lastKnownFileType = sourcecode.swift; path = PlaygroundViewControllerModel.swift; sourceTree = "<group>"; };
		958CDBB22BFDE057000E7E46 /* AlertParams.swift */ = {isa = PBXFileReference; lastKnownFileType = sourcecode.swift; path = AlertParams.swift; sourceTree = "<group>"; };
/* End PBXFileReference section */

/* Begin PBXFrameworksBuildPhase section */
		95494E4E2BDF673A0090F18E /* Frameworks */ = {
			isa = PBXFrameworksBuildPhase;
			buildActionMask = 2147483647;
			files = (
				95494E6A2BDF675C0090F18E /* AlertMaster in Frameworks */,
			);
			runOnlyForDeploymentPostprocessing = 0;
		};
/* End PBXFrameworksBuildPhase section */

/* Begin PBXGroup section */
		95494E482BDF673A0090F18E = {
			isa = PBXGroup;
			children = (
				95494E532BDF673A0090F18E /* AlertMasterExample */,
				95494E522BDF673A0090F18E /* Products */,
			);
			sourceTree = "<group>";
		};
		95494E522BDF673A0090F18E /* Products */ = {
			isa = PBXGroup;
			children = (
				95494E512BDF673A0090F18E /* AlertMasterExample.app */,
			);
			name = Products;
			sourceTree = "<group>";
		};
		95494E532BDF673A0090F18E /* AlertMasterExample */ = {
			isa = PBXGroup;
			children = (
				958CDBAD2BFDDFF9000E7E46 /* Data */,
				958CDBAC2BFDDFF4000E7E46 /* Flow */,
				95494E542BDF673A0090F18E /* AppDelegate.swift */,
				95494E562BDF673A0090F18E /* SceneDelegate.swift */,
				95494E5A2BDF673A0090F18E /* Main.storyboard */,
				95494E5D2BDF673C0090F18E /* Assets.xcassets */,
				95494E5F2BDF673C0090F18E /* LaunchScreen.storyboard */,
				95494E622BDF673C0090F18E /* Info.plist */,
			);
			path = AlertMasterExample;
			sourceTree = "<group>";
		};
		958CDBAC2BFDDFF4000E7E46 /* Flow */ = {
			isa = PBXGroup;
			children = (
				958CDBAE2BFDE005000E7E46 /* PlaygroundViewController.swift */,
				958CDBB02BFDE012000E7E46 /* PlaygroundViewControllerModel.swift */,
			);
			path = Flow;
			sourceTree = "<group>";
		};
		958CDBAD2BFDDFF9000E7E46 /* Data */ = {
			isa = PBXGroup;
			children = (
				958CDBB22BFDE057000E7E46 /* AlertParams.swift */,
			);
			path = Data;
			sourceTree = "<group>";
		};
/* End PBXGroup section */

/* Begin PBXNativeTarget section */
		95494E502BDF673A0090F18E /* AlertMasterExample */ = {
			isa = PBXNativeTarget;
			buildConfigurationList = 95494E652BDF673C0090F18E /* Build configuration list for PBXNativeTarget "AlertMasterExample" */;
			buildPhases = (
				95494E4D2BDF673A0090F18E /* Sources */,
				95494E4E2BDF673A0090F18E /* Frameworks */,
				95494E4F2BDF673A0090F18E /* Resources */,
			);
			buildRules = (
			);
			dependencies = (
			);
			name = AlertMasterExample;
			packageProductDependencies = (
				95494E692BDF675C0090F18E /* AlertMaster */,
			);
			productName = AlertMasterExample;
			productReference = 95494E512BDF673A0090F18E /* AlertMasterExample.app */;
			productType = "com.apple.product-type.application";
		};
/* End PBXNativeTarget section */

/* Begin PBXProject section */
		95494E492BDF673A0090F18E /* Project object */ = {
			isa = PBXProject;
			attributes = {
				BuildIndependentTargetsInParallel = 1;
				LastSwiftUpdateCheck = 1520;
				LastUpgradeCheck = 1520;
				TargetAttributes = {
					95494E502BDF673A0090F18E = {
						CreatedOnToolsVersion = 15.2;
					};
				};
			};
			buildConfigurationList = 95494E4C2BDF673A0090F18E /* Build configuration list for PBXProject "AlertMasterExample" */;
			compatibilityVersion = "Xcode 14.0";
			developmentRegion = en;
			hasScannedForEncodings = 0;
			knownRegions = (
				en,
				Base,
			);
			mainGroup = 95494E482BDF673A0090F18E;
			packageReferences = (
				95494E682BDF675C0090F18E /* XCLocalSwiftPackageReference ".." */,
			);
			productRefGroup = 95494E522BDF673A0090F18E /* Products */;
			projectDirPath = "";
			projectRoot = "";
			targets = (
				95494E502BDF673A0090F18E /* AlertMasterExample */,
			);
		};
/* End PBXProject section */

/* Begin PBXResourcesBuildPhase section */
		95494E4F2BDF673A0090F18E /* Resources */ = {
			isa = PBXResourcesBuildPhase;
			buildActionMask = 2147483647;
			files = (
				95494E612BDF673C0090F18E /* LaunchScreen.storyboard in Resources */,
				95494E5E2BDF673C0090F18E /* Assets.xcassets in Resources */,
				95494E5C2BDF673A0090F18E /* Main.storyboard in Resources */,
			);
			runOnlyForDeploymentPostprocessing = 0;
		};
/* End PBXResourcesBuildPhase section */

/* Begin PBXSourcesBuildPhase section */
		95494E4D2BDF673A0090F18E /* Sources */ = {
			isa = PBXSourcesBuildPhase;
			buildActionMask = 2147483647;
			files = (
				958CDBB32BFDE057000E7E46 /* AlertParams.swift in Sources */,
				958CDBB12BFDE012000E7E46 /* PlaygroundViewControllerModel.swift in Sources */,
				958CDBAF2BFDE005000E7E46 /* PlaygroundViewController.swift in Sources */,
				95494E552BDF673A0090F18E /* AppDelegate.swift in Sources */,
				95494E572BDF673A0090F18E /* SceneDelegate.swift in Sources */,
			);
			runOnlyForDeploymentPostprocessing = 0;
		};
/* End PBXSourcesBuildPhase section */

/* Begin PBXVariantGroup section */
		95494E5A2BDF673A0090F18E /* Main.storyboard */ = {
			isa = PBXVariantGroup;
			children = (
				95494E5B2BDF673A0090F18E /* Base */,
			);
			name = Main.storyboard;
			sourceTree = "<group>";
		};
		95494E5F2BDF673C0090F18E /* LaunchScreen.storyboard */ = {
			isa = PBXVariantGroup;
			children = (
				95494E602BDF673C0090F18E /* Base */,
			);
			name = LaunchScreen.storyboard;
			sourceTree = "<group>";
		};
/* End PBXVariantGroup section */

/* Begin XCBuildConfiguration section */
		95494E632BDF673C0090F18E /* Debug */ = {
			isa = XCBuildConfiguration;
			buildSettings = {
				ALWAYS_SEARCH_USER_PATHS = NO;
				ASSETCATALOG_COMPILER_GENERATE_SWIFT_ASSET_SYMBOL_EXTENSIONS = YES;
				CLANG_ANALYZER_NONNULL = YES;
				CLANG_ANALYZER_NUMBER_OBJECT_CONVERSION = YES_AGGRESSIVE;
				CLANG_CXX_LANGUAGE_STANDARD = "gnu++20";
				CLANG_ENABLE_MODULES = YES;
				CLANG_ENABLE_OBJC_ARC = YES;
				CLANG_ENABLE_OBJC_WEAK = YES;
				CLANG_WARN_BLOCK_CAPTURE_AUTORELEASING = YES;
				CLANG_WARN_BOOL_CONVERSION = YES;
				CLANG_WARN_COMMA = YES;
				CLANG_WARN_CONSTANT_CONVERSION = YES;
				CLANG_WARN_DEPRECATED_OBJC_IMPLEMENTATIONS = YES;
				CLANG_WARN_DIRECT_OBJC_ISA_USAGE = YES_ERROR;
				CLANG_WARN_DOCUMENTATION_COMMENTS = YES;
				CLANG_WARN_EMPTY_BODY = YES;
				CLANG_WARN_ENUM_CONVERSION = YES;
				CLANG_WARN_INFINITE_RECURSION = YES;
				CLANG_WARN_INT_CONVERSION = YES;
				CLANG_WARN_NON_LITERAL_NULL_CONVERSION = YES;
				CLANG_WARN_OBJC_IMPLICIT_RETAIN_SELF = YES;
				CLANG_WARN_OBJC_LITERAL_CONVERSION = YES;
				CLANG_WARN_OBJC_ROOT_CLASS = YES_ERROR;
				CLANG_WARN_QUOTED_INCLUDE_IN_FRAMEWORK_HEADER = YES;
				CLANG_WARN_RANGE_LOOP_ANALYSIS = YES;
				CLANG_WARN_STRICT_PROTOTYPES = YES;
				CLANG_WARN_SUSPICIOUS_MOVE = YES;
				CLANG_WARN_UNGUARDED_AVAILABILITY = YES_AGGRESSIVE;
				CLANG_WARN_UNREACHABLE_CODE = YES;
				CLANG_WARN__DUPLICATE_METHOD_MATCH = YES;
				COPY_PHASE_STRIP = NO;
				DEBUG_INFORMATION_FORMAT = dwarf;
				ENABLE_STRICT_OBJC_MSGSEND = YES;
				ENABLE_TESTABILITY = YES;
				ENABLE_USER_SCRIPT_SANDBOXING = YES;
				GCC_C_LANGUAGE_STANDARD = gnu17;
				GCC_DYNAMIC_NO_PIC = NO;
				GCC_NO_COMMON_BLOCKS = YES;
				GCC_OPTIMIZATION_LEVEL = 0;
				GCC_PREPROCESSOR_DEFINITIONS = (
					"DEBUG=1",
					"$(inherited)",
				);
				GCC_WARN_64_TO_32_BIT_CONVERSION = YES;
				GCC_WARN_ABOUT_RETURN_TYPE = YES_ERROR;
				GCC_WARN_UNDECLARED_SELECTOR = YES;
				GCC_WARN_UNINITIALIZED_AUTOS = YES_AGGRESSIVE;
				GCC_WARN_UNUSED_FUNCTION = YES;
				GCC_WARN_UNUSED_VARIABLE = YES;
				IPHONEOS_DEPLOYMENT_TARGET = 13.0;
				LOCALIZATION_PREFERS_STRING_CATALOGS = YES;
				MTL_ENABLE_DEBUG_INFO = INCLUDE_SOURCE;
				MTL_FAST_MATH = YES;
				ONLY_ACTIVE_ARCH = YES;
				SDKROOT = iphoneos;
				SWIFT_ACTIVE_COMPILATION_CONDITIONS = "DEBUG $(inherited)";
				SWIFT_OPTIMIZATION_LEVEL = "-Onone";
			};
			name = Debug;
		};
		95494E642BDF673C0090F18E /* Release */ = {
			isa = XCBuildConfiguration;
			buildSettings = {
				ALWAYS_SEARCH_USER_PATHS = NO;
				ASSETCATALOG_COMPILER_GENERATE_SWIFT_ASSET_SYMBOL_EXTENSIONS = YES;
				CLANG_ANALYZER_NONNULL = YES;
				CLANG_ANALYZER_NUMBER_OBJECT_CONVERSION = YES_AGGRESSIVE;
				CLANG_CXX_LANGUAGE_STANDARD = "gnu++20";
				CLANG_ENABLE_MODULES = YES;
				CLANG_ENABLE_OBJC_ARC = YES;
				CLANG_ENABLE_OBJC_WEAK = YES;
				CLANG_WARN_BLOCK_CAPTURE_AUTORELEASING = YES;
				CLANG_WARN_BOOL_CONVERSION = YES;
				CLANG_WARN_COMMA = YES;
				CLANG_WARN_CONSTANT_CONVERSION = YES;
				CLANG_WARN_DEPRECATED_OBJC_IMPLEMENTATIONS = YES;
				CLANG_WARN_DIRECT_OBJC_ISA_USAGE = YES_ERROR;
				CLANG_WARN_DOCUMENTATION_COMMENTS = YES;
				CLANG_WARN_EMPTY_BODY = YES;
				CLANG_WARN_ENUM_CONVERSION = YES;
				CLANG_WARN_INFINITE_RECURSION = YES;
				CLANG_WARN_INT_CONVERSION = YES;
				CLANG_WARN_NON_LITERAL_NULL_CONVERSION = YES;
				CLANG_WARN_OBJC_IMPLICIT_RETAIN_SELF = YES;
				CLANG_WARN_OBJC_LITERAL_CONVERSION = YES;
				CLANG_WARN_OBJC_ROOT_CLASS = YES_ERROR;
				CLANG_WARN_QUOTED_INCLUDE_IN_FRAMEWORK_HEADER = YES;
				CLANG_WARN_RANGE_LOOP_ANALYSIS = YES;
				CLANG_WARN_STRICT_PROTOTYPES = YES;
				CLANG_WARN_SUSPICIOUS_MOVE = YES;
				CLANG_WARN_UNGUARDED_AVAILABILITY = YES_AGGRESSIVE;
				CLANG_WARN_UNREACHABLE_CODE = YES;
				CLANG_WARN__DUPLICATE_METHOD_MATCH = YES;
				COPY_PHASE_STRIP = NO;
				DEBUG_INFORMATION_FORMAT = "dwarf-with-dsym";
				ENABLE_NS_ASSERTIONS = NO;
				ENABLE_STRICT_OBJC_MSGSEND = YES;
				ENABLE_USER_SCRIPT_SANDBOXING = YES;
				GCC_C_LANGUAGE_STANDARD = gnu17;
				GCC_NO_COMMON_BLOCKS = YES;
				GCC_WARN_64_TO_32_BIT_CONVERSION = YES;
				GCC_WARN_ABOUT_RETURN_TYPE = YES_ERROR;
				GCC_WARN_UNDECLARED_SELECTOR = YES;
				GCC_WARN_UNINITIALIZED_AUTOS = YES_AGGRESSIVE;
				GCC_WARN_UNUSED_FUNCTION = YES;
				GCC_WARN_UNUSED_VARIABLE = YES;
				IPHONEOS_DEPLOYMENT_TARGET = 13.0;
				LOCALIZATION_PREFERS_STRING_CATALOGS = YES;
				MTL_ENABLE_DEBUG_INFO = NO;
				MTL_FAST_MATH = YES;
				SDKROOT = iphoneos;
				SWIFT_COMPILATION_MODE = wholemodule;
				VALIDATE_PRODUCT = YES;
			};
			name = Release;
		};
		95494E662BDF673C0090F18E /* Debug */ = {
			isa = XCBuildConfiguration;
			buildSettings = {
				ASSETCATALOG_COMPILER_APPICON_NAME = AppIcon;
				ASSETCATALOG_COMPILER_GLOBAL_ACCENT_COLOR_NAME = AccentColor;
				CODE_SIGN_STYLE = Automatic;
				CURRENT_PROJECT_VERSION = 1;
				GENERATE_INFOPLIST_FILE = YES;
				INFOPLIST_FILE = AlertMasterExample/Info.plist;
				INFOPLIST_KEY_UIApplicationSupportsIndirectInputEvents = YES;
				INFOPLIST_KEY_UILaunchStoryboardName = LaunchScreen;
				INFOPLIST_KEY_UIMainStoryboardFile = Main;
				INFOPLIST_KEY_UISupportedInterfaceOrientations_iPad = "UIInterfaceOrientationPortrait UIInterfaceOrientationPortraitUpsideDown UIInterfaceOrientationLandscapeLeft UIInterfaceOrientationLandscapeRight";
				INFOPLIST_KEY_UISupportedInterfaceOrientations_iPhone = "UIInterfaceOrientationPortrait UIInterfaceOrientationLandscapeLeft UIInterfaceOrientationLandscapeRight";
				LD_RUNPATH_SEARCH_PATHS = (
					"$(inherited)",
					"@executable_path/Frameworks",
				);
				MARKETING_VERSION = 1.0;
				PRODUCT_BUNDLE_IDENTIFIER = com..AlertMasterExample;
				PRODUCT_NAME = "$(TARGET_NAME)";
				SWIFT_EMIT_LOC_STRINGS = YES;
				SWIFT_VERSION = 5.0;
				TARGETED_DEVICE_FAMILY = "1,2";
			};
			name = Debug;
		};
		95494E672BDF673C0090F18E /* Release */ = {
			isa = XCBuildConfiguration;
			buildSettings = {
				ASSETCATALOG_COMPILER_APPICON_NAME = AppIcon;
				ASSETCATALOG_COMPILER_GLOBAL_ACCENT_COLOR_NAME = AccentColor;
				CODE_SIGN_STYLE = Automatic;
				CURRENT_PROJECT_VERSION = 1;
				GENERATE_INFOPLIST_FILE = YES;
				INFOPLIST_FILE = AlertMasterExample/Info.plist;
				INFOPLIST_KEY_UIApplicationSupportsIndirectInputEvents = YES;
				INFOPLIST_KEY_UILaunchStoryboardName = LaunchScreen;
				INFOPLIST_KEY_UIMainStoryboardFile = Main;
				INFOPLIST_KEY_UISupportedInterfaceOrientations_iPad = "UIInterfaceOrientationPortrait UIInterfaceOrientationPortraitUpsideDown UIInterfaceOrientationLandscapeLeft UIInterfaceOrientationLandscapeRight";
				INFOPLIST_KEY_UISupportedInterfaceOrientations_iPhone = "UIInterfaceOrientationPortrait UIInterfaceOrientationLandscapeLeft UIInterfaceOrientationLandscapeRight";
				LD_RUNPATH_SEARCH_PATHS = (
					"$(inherited)",
					"@executable_path/Frameworks",
				);
				MARKETING_VERSION = 1.0;
				PRODUCT_BUNDLE_IDENTIFIER = com..AlertMasterExample;
				PRODUCT_NAME = "$(TARGET_NAME)";
				SWIFT_EMIT_LOC_STRINGS = YES;
				SWIFT_VERSION = 5.0;
				TARGETED_DEVICE_FAMILY = "1,2";
			};
			name = Release;
		};
/* End XCBuildConfiguration section */

/* Begin XCConfigurationList section */
		95494E4C2BDF673A0090F18E /* Build configuration list for PBXProject "AlertMasterExample" */ = {
			isa = XCConfigurationList;
			buildConfigurations = (
				95494E632BDF673C0090F18E /* Debug */,
				95494E642BDF673C0090F18E /* Release */,
			);
			defaultConfigurationIsVisible = 0;
			defaultConfigurationName = Release;
		};
		95494E652BDF673C0090F18E /* Build configuration list for PBXNativeTarget "AlertMasterExample" */ = {
			isa = XCConfigurationList;
			buildConfigurations = (
				95494E662BDF673C0090F18E /* Debug */,
				95494E672BDF673C0090F18E /* Release */,
			);
			defaultConfigurationIsVisible = 0;
			defaultConfigurationName = Release;
		};
/* End XCConfigurationList section */

/* Begin XCLocalSwiftPackageReference section */
		95494E682BDF675C0090F18E /* XCLocalSwiftPackageReference ".." */ = {
			isa = XCLocalSwiftPackageReference;
			relativePath = ..;
		};
/* End XCLocalSwiftPackageReference section */

/* Begin XCSwiftPackageProductDependency section */
		95494E692BDF675C0090F18E /* AlertMaster */ = {
			isa = XCSwiftPackageProductDependency;
			productName = AlertMaster;
		};
/* End XCSwiftPackageProductDependency section */
	};
	rootObject = 95494E492BDF673A0090F18E /* Project object */;
}
