{
  "pins" : [
    {
      "identity" : "appviewutilits",
      "kind" : "remoteSourceControl",
      "location" : "https://github.com/moslienko/AppViewUtilits.git",
      "state" : {
        "revision" : "7869db7c86ea1278b34c45b17777089c41959b4c",
        "version" : "1.2.5"
      }
    }
  ],
  "version" : 2
}
